
Microsoft Visual Studio Solution File, Format Version 12.00
# Visual Studio Version 17
VisualStudioVersion = 17.0.31903.59
MinimumVisualStudioVersion = 10.0.40219.1
Project("{2150E333-8FDC-42A3-9474-1A3956D46DE8}") = "src", "src", "{827E0CD3-B72D-47B6-A68D-7590B98EB39B}"
EndProject
Project("{FAE04EC0-301F-11D3-BF4B-00C04F79EFBC}") = "MCP.Domain", "src\MCP.Domain\MCP.Domain.csproj", "{B280E7ED-3160-4847-8886-1BE5068927B6}"
EndProject
Project("{FAE04EC0-301F-11D3-BF4B-00C04F79EFBC}") = "MCP.Application", "src\MCP.Application\MCP.Application.csproj", "{D0281901-7333-4502-9948-A932CE884879}"
EndProject
Project("{FAE04EC0-301F-11D3-BF4B-00C04F79EFBC}") = "MCP.Infrastructure", "src\MCP.Infrastructure\MCP.Infrastructure.csproj", "{FE6F6B9A-1D20-4EF2-9DDB-FB70023ACA54}"
EndProject
Project("{FAE04EC0-301F-11D3-BF4B-00C04F79EFBC}") = "MCP.WebApi", "src\MCP.WebApi\MCP.WebApi.csproj", "{FF8E4FC0-0EB5-4FE8-9283-127D7DFA828A}"
EndProject
Project("{2150E333-8FDC-42A3-9474-1A3956D46DE8}") = "tests", "tests", "{0AB3BF05-4346-4AA6-1389-037BE0695223}"
EndProject
Project("{FAE04EC0-301F-11D3-BF4B-00C04F79EFBC}") = "MCP.Domain.Tests", "tests\MCP.Domain.Tests\MCP.Domain.Tests.csproj", "{4C164A15-8F2C-4D4D-AF21-63ACC125CB9C}"
EndProject
Project("{FAE04EC0-301F-11D3-BF4B-00C04F79EFBC}") = "MCP.Application.Tests", "tests\MCP.Application.Tests\MCP.Application.Tests.csproj", "{F8616E91-592E-409D-AE2F-435AB2B40251}"
EndProject
Project("{FAE04EC0-301F-11D3-BF4B-00C04F79EFBC}") = "MCP.Infrastructure.Tests", "tests\MCP.Infrastructure.Tests\MCP.Infrastructure.Tests.csproj", "{BEC2138B-9563-4959-90D7-E25DDDDF38AA}"
EndProject
Project("{FAE04EC0-301F-11D3-BF4B-00C04F79EFBC}") = "MCP.WebApi.IntegrationTests", "tests\MCP.WebApi.IntegrationTests\MCP.WebApi.IntegrationTests.csproj", "{D653265D-6726-46E6-9A55-95C516721214}"
EndProject
Project("{FAE04EC0-301F-11D3-BF4B-00C04F79EFBC}") = "AI.GithubCopilot", "src\AI.GithubCopilot\AI.GithubCopilot.csproj", "{67958F6B-9F72-4604-BBE7-75F7C2415954}"
EndProject
Global
	GlobalSection(SolutionConfigurationPlatforms) = preSolution
		Debug|Any CPU = Debug|Any CPU
		Debug|x64 = Debug|x64
		Debug|x86 = Debug|x86
		Release|Any CPU = Release|Any CPU
		Release|x64 = Release|x64
		Release|x86 = Release|x86
	EndGlobalSection
	GlobalSection(ProjectConfigurationPlatforms) = postSolution
		{B280E7ED-3160-4847-8886-1BE5068927B6}.Debug|Any CPU.ActiveCfg = Debug|Any CPU
		{B280E7ED-3160-4847-8886-1BE5068927B6}.Debug|Any CPU.Build.0 = Debug|Any CPU
		{B280E7ED-3160-4847-8886-1BE5068927B6}.Debug|x64.ActiveCfg = Debug|Any CPU
		{B280E7ED-3160-4847-8886-1BE5068927B6}.Debug|x64.Build.0 = Debug|Any CPU
		{B280E7ED-3160-4847-8886-1BE5068927B6}.Debug|x86.ActiveCfg = Debug|Any CPU
		{B280E7ED-3160-4847-8886-1BE5068927B6}.Debug|x86.Build.0 = Debug|Any CPU
		{B280E7ED-3160-4847-8886-1BE5068927B6}.Release|Any CPU.ActiveCfg = Release|Any CPU
		{B280E7ED-3160-4847-8886-1BE5068927B6}.Release|Any CPU.Build.0 = Release|Any CPU
		{B280E7ED-3160-4847-8886-1BE5068927B6}.Release|x64.ActiveCfg = Release|Any CPU
		{B280E7ED-3160-4847-8886-1BE5068927B6}.Release|x64.Build.0 = Release|Any CPU
		{B280E7ED-3160-4847-8886-1BE5068927B6}.Release|x86.ActiveCfg = Release|Any CPU
		{B280E7ED-3160-4847-8886-1BE5068927B6}.Release|x86.Build.0 = Release|Any CPU
		{D0281901-7333-4502-9948-A932CE884879}.Debug|Any CPU.ActiveCfg = Debug|Any CPU
		{D0281901-7333-4502-9948-A932CE884879}.Debug|Any CPU.Build.0 = Debug|Any CPU
		{D0281901-7333-4502-9948-A932CE884879}.Debug|x64.ActiveCfg = Debug|Any CPU
		{D0281901-7333-4502-9948-A932CE884879}.Debug|x64.Build.0 = Debug|Any CPU
		{D0281901-7333-4502-9948-A932CE884879}.Debug|x86.ActiveCfg = Debug|Any CPU
		{D0281901-7333-4502-9948-A932CE884879}.Debug|x86.Build.0 = Debug|Any CPU
		{D0281901-7333-4502-9948-A932CE884879}.Release|Any CPU.ActiveCfg = Release|Any CPU
		{D0281901-7333-4502-9948-A932CE884879}.Release|Any CPU.Build.0 = Release|Any CPU
		{D0281901-7333-4502-9948-A932CE884879}.Release|x64.ActiveCfg = Release|Any CPU
		{D0281901-7333-4502-9948-A932CE884879}.Release|x64.Build.0 = Release|Any CPU
		{D0281901-7333-4502-9948-A932CE884879}.Release|x86.ActiveCfg = Release|Any CPU
		{D0281901-7333-4502-9948-A932CE884879}.Release|x86.Build.0 = Release|Any CPU
		{FE6F6B9A-1D20-4EF2-9DDB-FB70023ACA54}.Debug|Any CPU.ActiveCfg = Debug|Any CPU
		{FE6F6B9A-1D20-4EF2-9DDB-FB70023ACA54}.Debug|Any CPU.Build.0 = Debug|Any CPU
		{FE6F6B9A-1D20-4EF2-9DDB-FB70023ACA54}.Debug|x64.ActiveCfg = Debug|Any CPU
		{FE6F6B9A-1D20-4EF2-9DDB-FB70023ACA54}.Debug|x64.Build.0 = Debug|Any CPU
		{FE6F6B9A-1D20-4EF2-9DDB-FB70023ACA54}.Debug|x86.ActiveCfg = Debug|Any CPU
		{FE6F6B9A-1D20-4EF2-9DDB-FB70023ACA54}.Debug|x86.Build.0 = Debug|Any CPU
		{FE6F6B9A-1D20-4EF2-9DDB-FB70023ACA54}.Release|Any CPU.ActiveCfg = Release|Any CPU
		{FE6F6B9A-1D20-4EF2-9DDB-FB70023ACA54}.Release|Any CPU.Build.0 = Release|Any CPU
		{FE6F6B9A-1D20-4EF2-9DDB-FB70023ACA54}.Release|x64.ActiveCfg = Release|Any CPU
		{FE6F6B9A-1D20-4EF2-9DDB-FB70023ACA54}.Release|x64.Build.0 = Release|Any CPU
		{FE6F6B9A-1D20-4EF2-9DDB-FB70023ACA54}.Release|x86.ActiveCfg = Release|Any CPU
		{FE6F6B9A-1D20-4EF2-9DDB-FB70023ACA54}.Release|x86.Build.0 = Release|Any CPU
		{FF8E4FC0-0EB5-4FE8-9283-127D7DFA828A}.Debug|Any CPU.ActiveCfg = Debug|Any CPU
		{FF8E4FC0-0EB5-4FE8-9283-127D7DFA828A}.Debug|Any CPU.Build.0 = Debug|Any CPU
		{FF8E4FC0-0EB5-4FE8-9283-127D7DFA828A}.Debug|x64.ActiveCfg = Debug|Any CPU
		{FF8E4FC0-0EB5-4FE8-9283-127D7DFA828A}.Debug|x64.Build.0 = Debug|Any CPU
		{FF8E4FC0-0EB5-4FE8-9283-127D7DFA828A}.Debug|x86.ActiveCfg = Debug|Any CPU
		{FF8E4FC0-0EB5-4FE8-9283-127D7DFA828A}.Debug|x86.Build.0 = Debug|Any CPU
		{FF8E4FC0-0EB5-4FE8-9283-127D7DFA828A}.Release|Any CPU.ActiveCfg = Release|Any CPU
		{FF8E4FC0-0EB5-4FE8-9283-127D7DFA828A}.Release|Any CPU.Build.0 = Release|Any CPU
		{FF8E4FC0-0EB5-4FE8-9283-127D7DFA828A}.Release|x64.ActiveCfg = Release|Any CPU
		{FF8E4FC0-0EB5-4FE8-9283-127D7DFA828A}.Release|x64.Build.0 = Release|Any CPU
		{FF8E4FC0-0EB5-4FE8-9283-127D7DFA828A}.Release|x86.ActiveCfg = Release|Any CPU
		{FF8E4FC0-0EB5-4FE8-9283-127D7DFA828A}.Release|x86.Build.0 = Release|Any CPU
		{4C164A15-8F2C-4D4D-AF21-63ACC125CB9C}.Debug|Any CPU.ActiveCfg = Debug|Any CPU
		{4C164A15-8F2C-4D4D-AF21-63ACC125CB9C}.Debug|Any CPU.Build.0 = Debug|Any CPU
		{4C164A15-8F2C-4D4D-AF21-63ACC125CB9C}.Debug|x64.ActiveCfg = Debug|Any CPU
		{4C164A15-8F2C-4D4D-AF21-63ACC125CB9C}.Debug|x64.Build.0 = Debug|Any CPU
		{4C164A15-8F2C-4D4D-AF21-63ACC125CB9C}.Debug|x86.ActiveCfg = Debug|Any CPU
		{4C164A15-8F2C-4D4D-AF21-63ACC125CB9C}.Debug|x86.Build.0 = Debug|Any CPU
		{4C164A15-8F2C-4D4D-AF21-63ACC125CB9C}.Release|Any CPU.ActiveCfg = Release|Any CPU
		{4C164A15-8F2C-4D4D-AF21-63ACC125CB9C}.Release|Any CPU.Build.0 = Release|Any CPU
		{4C164A15-8F2C-4D4D-AF21-63ACC125CB9C}.Release|x64.ActiveCfg = Release|Any CPU
		{4C164A15-8F2C-4D4D-AF21-63ACC125CB9C}.Release|x64.Build.0 = Release|Any CPU
		{4C164A15-8F2C-4D4D-AF21-63ACC125CB9C}.Release|x86.ActiveCfg = Release|Any CPU
		{4C164A15-8F2C-4D4D-AF21-63ACC125CB9C}.Release|x86.Build.0 = Release|Any CPU
		{F8616E91-592E-409D-AE2F-435AB2B40251}.Debug|Any CPU.ActiveCfg = Debug|Any CPU
		{F8616E91-592E-409D-AE2F-435AB2B40251}.Debug|Any CPU.Build.0 = Debug|Any CPU
		{F8616E91-592E-409D-AE2F-435AB2B40251}.Debug|x64.ActiveCfg = Debug|Any CPU
		{F8616E91-592E-409D-AE2F-435AB2B40251}.Debug|x64.Build.0 = Debug|Any CPU
		{F8616E91-592E-409D-AE2F-435AB2B40251}.Debug|x86.ActiveCfg = Debug|Any CPU
		{F8616E91-592E-409D-AE2F-435AB2B40251}.Debug|x86.Build.0 = Debug|Any CPU
		{F8616E91-592E-409D-AE2F-435AB2B40251}.Release|Any CPU.ActiveCfg = Release|Any CPU
		{F8616E91-592E-409D-AE2F-435AB2B40251}.Release|Any CPU.Build.0 = Release|Any CPU
		{F8616E91-592E-409D-AE2F-435AB2B40251}.Release|x64.ActiveCfg = Release|Any CPU
		{F8616E91-592E-409D-AE2F-435AB2B40251}.Release|x64.Build.0 = Release|Any CPU
		{F8616E91-592E-409D-AE2F-435AB2B40251}.Release|x86.ActiveCfg = Release|Any CPU
		{F8616E91-592E-409D-AE2F-435AB2B40251}.Release|x86.Build.0 = Release|Any CPU
		{BEC2138B-9563-4959-90D7-E25DDDDF38AA}.Debug|Any CPU.ActiveCfg = Debug|Any CPU
		{BEC2138B-9563-4959-90D7-E25DDDDF38AA}.Debug|Any CPU.Build.0 = Debug|Any CPU
		{BEC2138B-9563-4959-90D7-E25DDDDF38AA}.Debug|x64.ActiveCfg = Debug|Any CPU
		{BEC2138B-9563-4959-90D7-E25DDDDF38AA}.Debug|x64.Build.0 = Debug|Any CPU
		{BEC2138B-9563-4959-90D7-E25DDDDF38AA}.Debug|x86.ActiveCfg = Debug|Any CPU
		{BEC2138B-9563-4959-90D7-E25DDDDF38AA}.Debug|x86.Build.0 = Debug|Any CPU
		{BEC2138B-9563-4959-90D7-E25DDDDF38AA}.Release|Any CPU.ActiveCfg = Release|Any CPU
		{BEC2138B-9563-4959-90D7-E25DDDDF38AA}.Release|Any CPU.Build.0 = Release|Any CPU
		{BEC2138B-9563-4959-90D7-E25DDDDF38AA}.Release|x64.ActiveCfg = Release|Any CPU
		{BEC2138B-9563-4959-90D7-E25DDDDF38AA}.Release|x64.Build.0 = Release|Any CPU
		{BEC2138B-9563-4959-90D7-E25DDDDF38AA}.Release|x86.ActiveCfg = Release|Any CPU
		{BEC2138B-9563-4959-90D7-E25DDDDF38AA}.Release|x86.Build.0 = Release|Any CPU
		{D653265D-6726-46E6-9A55-95C516721214}.Debug|Any CPU.ActiveCfg = Debug|Any CPU
		{D653265D-6726-46E6-9A55-95C516721214}.Debug|Any CPU.Build.0 = Debug|Any CPU
		{D653265D-6726-46E6-9A55-95C516721214}.Debug|x64.ActiveCfg = Debug|Any CPU
		{D653265D-6726-46E6-9A55-95C516721214}.Debug|x64.Build.0 = Debug|Any CPU
		{D653265D-6726-46E6-9A55-95C516721214}.Debug|x86.ActiveCfg = Debug|Any CPU
		{D653265D-6726-46E6-9A55-95C516721214}.Debug|x86.Build.0 = Debug|Any CPU
		{D653265D-6726-46E6-9A55-95C516721214}.Release|Any CPU.ActiveCfg = Release|Any CPU
		{D653265D-6726-46E6-9A55-95C516721214}.Release|Any CPU.Build.0 = Release|Any CPU
		{D653265D-6726-46E6-9A55-95C516721214}.Release|x64.ActiveCfg = Release|Any CPU
		{D653265D-6726-46E6-9A55-95C516721214}.Release|x64.Build.0 = Release|Any CPU
		{D653265D-6726-46E6-9A55-95C516721214}.Release|x86.ActiveCfg = Release|Any CPU
		{D653265D-6726-46E6-9A55-95C516721214}.Release|x86.Build.0 = Release|Any CPU
		{67958F6B-9F72-4604-BBE7-75F7C2415954}.Debug|Any CPU.ActiveCfg = Debug|Any CPU
		{67958F6B-9F72-4604-BBE7-75F7C2415954}.Debug|Any CPU.Build.0 = Debug|Any CPU
		{67958F6B-9F72-4604-BBE7-75F7C2415954}.Debug|x64.ActiveCfg = Debug|Any CPU
		{67958F6B-9F72-4604-BBE7-75F7C2415954}.Debug|x64.Build.0 = Debug|Any CPU
		{67958F6B-9F72-4604-BBE7-75F7C2415954}.Debug|x86.ActiveCfg = Debug|Any CPU
		{67958F6B-9F72-4604-BBE7-75F7C2415954}.Debug|x86.Build.0 = Debug|Any CPU
		{67958F6B-9F72-4604-BBE7-75F7C2415954}.Release|Any CPU.ActiveCfg = Release|Any CPU
		{67958F6B-9F72-4604-BBE7-75F7C2415954}.Release|Any CPU.Build.0 = Release|Any CPU
		{67958F6B-9F72-4604-BBE7-75F7C2415954}.Release|x64.ActiveCfg = Release|Any CPU
		{67958F6B-9F72-4604-BBE7-75F7C2415954}.Release|x64.Build.0 = Release|Any CPU
		{67958F6B-9F72-4604-BBE7-75F7C2415954}.Release|x86.ActiveCfg = Release|Any CPU
		{67958F6B-9F72-4604-BBE7-75F7C2415954}.Release|x86.Build.0 = Release|Any CPU
	EndGlobalSection
	GlobalSection(SolutionProperties) = preSolution
		HideSolutionNode = FALSE
	EndGlobalSection
	GlobalSection(NestedProjects) = preSolution
		{B280E7ED-3160-4847-8886-1BE5068927B6} = {827E0CD3-B72D-47B6-A68D-7590B98EB39B}
		{D0281901-7333-4502-9948-A932CE884879} = {827E0CD3-B72D-47B6-A68D-7590B98EB39B}
		{FE6F6B9A-1D20-4EF2-9DDB-FB70023ACA54} = {827E0CD3-B72D-47B6-A68D-7590B98EB39B}
		{FF8E4FC0-0EB5-4FE8-9283-127D7DFA828A} = {827E0CD3-B72D-47B6-A68D-7590B98EB39B}
		{4C164A15-8F2C-4D4D-AF21-63ACC125CB9C} = {0AB3BF05-4346-4AA6-1389-037BE0695223}
		{F8616E91-592E-409D-AE2F-435AB2B40251} = {0AB3BF05-4346-4AA6-1389-037BE0695223}
		{BEC2138B-9563-4959-90D7-E25DDDDF38AA} = {0AB3BF05-4346-4AA6-1389-037BE0695223}
		{D653265D-6726-46E6-9A55-95C516721214} = {0AB3BF05-4346-4AA6-1389-037BE0695223}
		{67958F6B-9F72-4604-BBE7-75F7C2415954} = {827E0CD3-B72D-47B6-A68D-7590B98EB39B}
	EndGlobalSection
EndGlobal
